<Solution>
  <Project Path="Assembly-CSharp.csproj" />
  <Project Path="Dpopusoimozkuqyq.Comunitynugetnewtonsoftjson.Tests.csproj" />
  <Project Path="Assembly-CSharp-Editor.csproj" />
  <Project Path="Dpopusoimozkuqyq.Comunitynugetnewtonsoftjson.csproj" />
  <Project Path="Dpopusoimozkuqyq.Comunitynugetnewtonsoftjson.Editor.csproj" />
  <Project Path="Dpopusoimozkuqyq.Comunitynugetnewtonsoftjson.Editor.Tests.csproj" />
</Solution>
